
Microsoft Visual Studio Solution File, Format Version 12.00
# Visual Studio 15
VisualStudioVersion = 15.0.28307.902
MinimumVisualStudioVersion = 10.0.40219.1
Project("{FAE04EC0-301F-11D3-BF4B-00C04F79EFBC}") = "Insta", "Insta\Insta.csproj", "{7D8F96DF-D700-46DF-B871-1EB941DD43BB}"
EndProject
Global
	GlobalSection(SolutionConfigurationPlatforms) = preSolution
		Debug|Any CPU = Debug|Any CPU
		Release|Any CPU = Release|Any CPU
	EndGlobalSection
	GlobalSection(ProjectConfigurationPlatforms) = postSolution
		{7D8F96DF-D700-46DF-B871-1EB941DD43BB}.Debug|Any CPU.ActiveCfg = Debug|Any CPU
		{7D8F96DF-D700-46DF-B871-1EB941DD43BB}.Debug|Any CPU.Build.0 = Debug|Any CPU
		{7D8F96DF-D700-46DF-B871-1EB941DD43BB}.Release|Any CPU.ActiveCfg = Release|Any CPU
		{7D8F96DF-D700-46DF-B871-1EB941DD43BB}.Release|Any CPU.Build.0 = Release|Any CPU
	EndGlobalSection
	GlobalSection(SolutionProperties) = preSolution
		HideSolutionNode = FALSE
	EndGlobalSection
	GlobalSection(ExtensibilityGlobals) = postSolution
		SolutionGuid = {339A5F2F-1F41-45D3-89A3-B10D059F01A9}
	EndGlobalSection
EndGlobal
